
Microsoft Visual Studio Solution File, Format Version 12.00
# Visual Studio Version 17
VisualStudioVersion = 17.2.32630.192
MinimumVisualStudioVersion = 10.0.40219.1
Project("{FAE04EC0-301F-11D3-BF4B-00C04F79EFBC}") = "Plants.DbMigrator", "Plants.DbMigrator.csproj", "{523660E9-6FD4-494B-ABF3-71525ACFFF63}"
EndProject
Global
	GlobalSection(SolutionConfigurationPlatforms) = preSolution
		Debug|Any CPU = Debug|Any CPU
		Release|Any CPU = Release|Any CPU
	EndGlobalSection
	GlobalSection(ProjectConfigurationPlatforms) = postSolution
		{523660E9-6FD4-494B-ABF3-71525ACFFF63}.Debug|Any CPU.ActiveCfg = Debug|Any CPU
		{523660E9-6FD4-494B-ABF3-71525ACFFF63}.Debug|Any CPU.Build.0 = Debug|Any CPU
		{523660E9-6FD4-494B-ABF3-71525ACFFF63}.Release|Any CPU.ActiveCfg = Release|Any CPU
		{523660E9-6FD4-494B-ABF3-71525ACFFF63}.Release|Any CPU.Build.0 = Release|Any CPU
	EndGlobalSection
	GlobalSection(SolutionProperties) = preSolution
		HideSolutionNode = FALSE
	EndGlobalSection
	GlobalSection(ExtensibilityGlobals) = postSolution
		SolutionGuid = {335CFA8F-9A61-4F03-8B00-33365F2E0A39}
	EndGlobalSection
EndGlobal
