
Microsoft Visual Studio Solution File, Format Version 12.00
# Visual Studio Version 17
VisualStudioVersion = 17.3.32922.545
MinimumVisualStudioVersion = 10.0.40219.1
Project("{9A19103F-16F7-4668-BE54-9A1E7A4F7556}") = "Plants.Presentation", "Plants.Presentation\Plants.Presentation.csproj", "{680AE79E-3038-4255-AA03-1FBB897D807D}"
EndProject
Project("{9A19103F-16F7-4668-BE54-9A1E7A4F7556}") = "Plants.Domain", "Domain\Plants.Domain\Plants.Domain.csproj", "{93C3314F-2209-4322-9A74-DF909B174B5E}"
EndProject
Project("{2150E333-8FDC-42A3-9474-1A3956D46DE8}") = "Tests", "Tests", "{265565B2-3883-40E9-88F8-BF6B9C7E1F29}"
EndProject
Project("{9A19103F-16F7-4668-BE54-9A1E7A4F7556}") = "Plants.Domain.Infrastructure.Tests", "..\tests\Plants.Domain.Infrastructure.Tests\Plants.Domain.Infrastructure.Tests.csproj", "{2AFD362A-2C83-4922-A92A-582838861F85}"
EndProject
Project("{2150E333-8FDC-42A3-9474-1A3956D46DE8}") = "Domain", "Domain", "{1DA048AE-2144-404A-B711-3768F13FC069}"
EndProject
Project("{9A19103F-16F7-4668-BE54-9A1E7A4F7556}") = "Plants.Domain.Infrastructure", "Domain\Plants.Domain.Infrastructure\Plants.Domain.Infrastructure.csproj", "{2CD777C2-70B0-41BF-A9F1-D0642468182E}"
EndProject
Project("{9A19103F-16F7-4668-BE54-9A1E7A4F7556}") = "Plants.Shared", "Shared\Plants.Shared\Plants.Shared.csproj", "{74AC546B-E677-444A-BC35-531E194A317E}"
EndProject
Project("{9A19103F-16F7-4668-BE54-9A1E7A4F7556}") = "Plants.Shared.Tests", "..\tests\Plants.Shared.Tests\Plants.Shared.Tests.csproj", "{4A17365C-DA40-4546-9534-C217DF4F12C8}"
EndProject
Project("{9A19103F-16F7-4668-BE54-9A1E7A4F7556}") = "Plants.Aggregates", "Aggregates\Plants.Aggregates\Plants.Aggregates.csproj", "{557401E6-1AEF-4D73-827E-CB1150EE5A79}"
EndProject
Project("{2150E333-8FDC-42A3-9474-1A3956D46DE8}") = "Aggregates", "Aggregates", "{65E88B3F-B47A-44C7-AEF7-81A751FADC5C}"
EndProject
Project("{9A19103F-16F7-4668-BE54-9A1E7A4F7556}") = "Plants.Aggregates.Infrastructure", "Aggregates\Plants.Aggregates.Infrastructure\Plants.Aggregates.Infrastructure.csproj", "{585C566E-F43B-40EF-8085-F06B4C7EDBD0}"
EndProject
Project("{9A19103F-16F7-4668-BE54-9A1E7A4F7556}") = "Plants.Initializer", "Aggregates\Plants.Initializer\Plants.Initializer.csproj", "{FF8D4914-753E-432D-A46F-EB1BDDB45DFA}"
EndProject
Project("{2150E333-8FDC-42A3-9474-1A3956D46DE8}") = "Build", "Build", "{0E8B5107-96CA-4C9C-8044-50B6416EC31A}"
	ProjectSection(SolutionItems) = preProject
		..\CreateCerts.ps1 = ..\CreateCerts.ps1
		..\docker-compose-env.yml = ..\docker-compose-env.yml
		..\docker-compose-setup.yml = ..\docker-compose-setup.yml
		..\docker-compose.yml = ..\docker-compose.yml
		Dockerfile = Dockerfile
		..\DropPersistance.ps1 = ..\DropPersistance.ps1
		..\..\README.md = ..\..\README.md
		..\StartEnv.ps1 = ..\StartEnv.ps1
		..\StartProd.ps1 = ..\StartProd.ps1
	EndProjectSection
EndProject
Project("{2150E333-8FDC-42A3-9474-1A3956D46DE8}") = "Shared", "Shared", "{C038A9B7-E3BA-4544-A774-1B95D0ACD6B8}"
EndProject
Project("{9A19103F-16F7-4668-BE54-9A1E7A4F7556}") = "Plants.Services", "Shared\Plants.Services\Plants.Services.csproj", "{797BC51D-15A6-4700-BDA9-22EBA2589DE3}"
EndProject
Project("{9A19103F-16F7-4668-BE54-9A1E7A4F7556}") = "Plants.Services.Infrastructure", "Shared\Plants.Services.Infrastructure\Plants.Services.Infrastructure.csproj", "{48F3FA5D-7B8C-426B-81BF-BA3F009E2BAB}"
EndProject
Global
	GlobalSection(SolutionConfigurationPlatforms) = preSolution
		Debug|Any CPU = Debug|Any CPU
		Release|Any CPU = Release|Any CPU
	EndGlobalSection
	GlobalSection(ProjectConfigurationPlatforms) = postSolution
		{680AE79E-3038-4255-AA03-1FBB897D807D}.Debug|Any CPU.ActiveCfg = Debug|Any CPU
		{680AE79E-3038-4255-AA03-1FBB897D807D}.Debug|Any CPU.Build.0 = Debug|Any CPU
		{680AE79E-3038-4255-AA03-1FBB897D807D}.Release|Any CPU.ActiveCfg = Release|Any CPU
		{680AE79E-3038-4255-AA03-1FBB897D807D}.Release|Any CPU.Build.0 = Release|Any CPU
		{93C3314F-2209-4322-9A74-DF909B174B5E}.Debug|Any CPU.ActiveCfg = Debug|Any CPU
		{93C3314F-2209-4322-9A74-DF909B174B5E}.Debug|Any CPU.Build.0 = Debug|Any CPU
		{93C3314F-2209-4322-9A74-DF909B174B5E}.Release|Any CPU.ActiveCfg = Release|Any CPU
		{93C3314F-2209-4322-9A74-DF909B174B5E}.Release|Any CPU.Build.0 = Release|Any CPU
		{2AFD362A-2C83-4922-A92A-582838861F85}.Debug|Any CPU.ActiveCfg = Debug|Any CPU
		{2AFD362A-2C83-4922-A92A-582838861F85}.Debug|Any CPU.Build.0 = Debug|Any CPU
		{2AFD362A-2C83-4922-A92A-582838861F85}.Release|Any CPU.ActiveCfg = Release|Any CPU
		{2AFD362A-2C83-4922-A92A-582838861F85}.Release|Any CPU.Build.0 = Release|Any CPU
		{2CD777C2-70B0-41BF-A9F1-D0642468182E}.Debug|Any CPU.ActiveCfg = Debug|Any CPU
		{2CD777C2-70B0-41BF-A9F1-D0642468182E}.Debug|Any CPU.Build.0 = Debug|Any CPU
		{2CD777C2-70B0-41BF-A9F1-D0642468182E}.Release|Any CPU.ActiveCfg = Release|Any CPU
		{2CD777C2-70B0-41BF-A9F1-D0642468182E}.Release|Any CPU.Build.0 = Release|Any CPU
		{74AC546B-E677-444A-BC35-531E194A317E}.Debug|Any CPU.ActiveCfg = Debug|Any CPU
		{74AC546B-E677-444A-BC35-531E194A317E}.Debug|Any CPU.Build.0 = Debug|Any CPU
		{74AC546B-E677-444A-BC35-531E194A317E}.Release|Any CPU.ActiveCfg = Release|Any CPU
		{74AC546B-E677-444A-BC35-531E194A317E}.Release|Any CPU.Build.0 = Release|Any CPU
		{4A17365C-DA40-4546-9534-C217DF4F12C8}.Debug|Any CPU.ActiveCfg = Debug|Any CPU
		{4A17365C-DA40-4546-9534-C217DF4F12C8}.Debug|Any CPU.Build.0 = Debug|Any CPU
		{4A17365C-DA40-4546-9534-C217DF4F12C8}.Release|Any CPU.ActiveCfg = Release|Any CPU
		{4A17365C-DA40-4546-9534-C217DF4F12C8}.Release|Any CPU.Build.0 = Release|Any CPU
		{557401E6-1AEF-4D73-827E-CB1150EE5A79}.Debug|Any CPU.ActiveCfg = Debug|Any CPU
		{557401E6-1AEF-4D73-827E-CB1150EE5A79}.Debug|Any CPU.Build.0 = Debug|Any CPU
		{557401E6-1AEF-4D73-827E-CB1150EE5A79}.Release|Any CPU.ActiveCfg = Release|Any CPU
		{557401E6-1AEF-4D73-827E-CB1150EE5A79}.Release|Any CPU.Build.0 = Release|Any CPU
		{585C566E-F43B-40EF-8085-F06B4C7EDBD0}.Debug|Any CPU.ActiveCfg = Debug|Any CPU
		{585C566E-F43B-40EF-8085-F06B4C7EDBD0}.Debug|Any CPU.Build.0 = Debug|Any CPU
		{585C566E-F43B-40EF-8085-F06B4C7EDBD0}.Release|Any CPU.ActiveCfg = Release|Any CPU
		{585C566E-F43B-40EF-8085-F06B4C7EDBD0}.Release|Any CPU.Build.0 = Release|Any CPU
		{FF8D4914-753E-432D-A46F-EB1BDDB45DFA}.Debug|Any CPU.ActiveCfg = Debug|Any CPU
		{FF8D4914-753E-432D-A46F-EB1BDDB45DFA}.Debug|Any CPU.Build.0 = Debug|Any CPU
		{FF8D4914-753E-432D-A46F-EB1BDDB45DFA}.Release|Any CPU.ActiveCfg = Release|Any CPU
		{FF8D4914-753E-432D-A46F-EB1BDDB45DFA}.Release|Any CPU.Build.0 = Release|Any CPU
		{797BC51D-15A6-4700-BDA9-22EBA2589DE3}.Debug|Any CPU.ActiveCfg = Debug|Any CPU
		{797BC51D-15A6-4700-BDA9-22EBA2589DE3}.Debug|Any CPU.Build.0 = Debug|Any CPU
		{797BC51D-15A6-4700-BDA9-22EBA2589DE3}.Release|Any CPU.ActiveCfg = Release|Any CPU
		{797BC51D-15A6-4700-BDA9-22EBA2589DE3}.Release|Any CPU.Build.0 = Release|Any CPU
		{48F3FA5D-7B8C-426B-81BF-BA3F009E2BAB}.Debug|Any CPU.ActiveCfg = Debug|Any CPU
		{48F3FA5D-7B8C-426B-81BF-BA3F009E2BAB}.Debug|Any CPU.Build.0 = Debug|Any CPU
		{48F3FA5D-7B8C-426B-81BF-BA3F009E2BAB}.Release|Any CPU.ActiveCfg = Release|Any CPU
		{48F3FA5D-7B8C-426B-81BF-BA3F009E2BAB}.Release|Any CPU.Build.0 = Release|Any CPU
	EndGlobalSection
	GlobalSection(SolutionProperties) = preSolution
		HideSolutionNode = FALSE
	EndGlobalSection
	GlobalSection(NestedProjects) = preSolution
		{93C3314F-2209-4322-9A74-DF909B174B5E} = {1DA048AE-2144-404A-B711-3768F13FC069}
		{2AFD362A-2C83-4922-A92A-582838861F85} = {265565B2-3883-40E9-88F8-BF6B9C7E1F29}
		{2CD777C2-70B0-41BF-A9F1-D0642468182E} = {1DA048AE-2144-404A-B711-3768F13FC069}
		{74AC546B-E677-444A-BC35-531E194A317E} = {C038A9B7-E3BA-4544-A774-1B95D0ACD6B8}
		{4A17365C-DA40-4546-9534-C217DF4F12C8} = {265565B2-3883-40E9-88F8-BF6B9C7E1F29}
		{557401E6-1AEF-4D73-827E-CB1150EE5A79} = {65E88B3F-B47A-44C7-AEF7-81A751FADC5C}
		{585C566E-F43B-40EF-8085-F06B4C7EDBD0} = {65E88B3F-B47A-44C7-AEF7-81A751FADC5C}
		{FF8D4914-753E-432D-A46F-EB1BDDB45DFA} = {65E88B3F-B47A-44C7-AEF7-81A751FADC5C}
		{797BC51D-15A6-4700-BDA9-22EBA2589DE3} = {C038A9B7-E3BA-4544-A774-1B95D0ACD6B8}
		{48F3FA5D-7B8C-426B-81BF-BA3F009E2BAB} = {C038A9B7-E3BA-4544-A774-1B95D0ACD6B8}
	EndGlobalSection
	GlobalSection(ExtensibilityGlobals) = postSolution
		SolutionGuid = {4F85DE91-C9BB-4DED-8492-C660599EC4D8}
	EndGlobalSection
EndGlobal
